
Microsoft Visual Studio Solution File, Format Version 12.00
# Visual Studio Version 17
VisualStudioVersion = 17.11.35312.102
MinimumVisualStudioVersion = 10.0.40219.1
Project("{9A19103F-16F7-4668-BE54-9A1E7A4F7556}") = "HuruClient", "HuruClient\HuruClient.csproj", "{13C812E9-0D42-4B95-8646-40EEBF30636F}"
EndProject
Project("{2150E333-8FDC-42A3-9474-1A3956D46DE8}") = "Submodules", "Submodules", "{02EA681E-C7D8-13C7-8484-4AC65E1B71E8}"
EndProject
Project("{FAE04EC0-301F-11D3-BF4B-00C04F79EFBC}") = "Honorific", "Honorific\Honorific.csproj", "{449FC8D6-C7AA-B565-9D54-FB45751012EA}"
EndProject
Project("{FAE04EC0-301F-11D3-BF4B-00C04F79EFBC}") = "PetRenamer", "FFXIVPetRenamer\PetRenamer\PetRenamer.csproj", "{CF977EF6-6ADB-73FD-F974-605182892613}"
EndProject
Global
	GlobalSection(SolutionConfigurationPlatforms) = preSolution
		Debug|x64 = Debug|x64
		Release|x64 = Release|x64
	EndGlobalSection
	GlobalSection(ProjectConfigurationPlatforms) = postSolution
		{13C812E9-0D42-4B95-8646-40EEBF30636F}.Debug|x64.ActiveCfg = Debug|x64
		{13C812E9-0D42-4B95-8646-40EEBF30636F}.Debug|x64.Build.0 = Debug|x64
		{13C812E9-0D42-4B95-8646-40EEBF30636F}.Release|x64.ActiveCfg = Release|x64
		{13C812E9-0D42-4B95-8646-40EEBF30636F}.Release|x64.Build.0 = Release|x64
		{449FC8D6-C7AA-B565-9D54-FB45751012EA}.Debug|x64.ActiveCfg = Debug|x64
		{449FC8D6-C7AA-B565-9D54-FB45751012EA}.Debug|x64.Build.0 = Debug|x64
		{449FC8D6-C7AA-B565-9D54-FB45751012EA}.Release|x64.ActiveCfg = Release|x64
		{449FC8D6-C7AA-B565-9D54-FB45751012EA}.Release|x64.Build.0 = Release|x64
		{CF977EF6-6ADB-73FD-F974-605182892613}.Debug|x64.ActiveCfg = Debug|x64
		{CF977EF6-6ADB-73FD-F974-605182892613}.Debug|x64.Build.0 = Debug|x64
		{CF977EF6-6ADB-73FD-F974-605182892613}.Release|x64.ActiveCfg = Release|x64
		{CF977EF6-6ADB-73FD-F974-605182892613}.Release|x64.Build.0 = Release|x64
	EndGlobalSection
	GlobalSection(SolutionProperties) = preSolution
		HideSolutionNode = FALSE
	EndGlobalSection
	GlobalSection(NestedProjects) = preSolution
		{449FC8D6-C7AA-B565-9D54-FB45751012EA} = {02EA681E-C7D8-13C7-8484-4AC65E1B71E8}
		{CF977EF6-6ADB-73FD-F974-605182892613} = {02EA681E-C7D8-13C7-8484-4AC65E1B71E8}
	EndGlobalSection
	GlobalSection(ExtensibilityGlobals) = postSolution
		SolutionGuid = {B17E85B1-5F60-4440-9F9A-3DDE877E8CDF}
	EndGlobalSection
EndGlobal
